{
  "name": "wap-template",
  "version": "0.0.1",
  "lockfileVersion": 1,
  "requires": true,
  "dependencies": {
    "@types/node": {
      "version": "14.14.35",
      "resolved": "https://registry.npmjs.org/@types/node/-/node-14.14.35.tgz",
      "integrity": "sha512-Lt+wj8NVPx0zUmUwumiVXapmaLUcAk3yPuHCFVXras9k5VT9TdhJqKqGVUQCD60OTMCl0qxJ57OiTL0Mic3Iag==",
      "dev": true
    },
    "@types/pug": {
      "version": "2.0.4",
      "resolved": "https://registry.npmjs.org/@types/pug/-/pug-2.0.4.tgz",
      "integrity": "sha1-h3L80EGOPNLMFxVV1zAHQVBR9LI=",
      "dev": true
    },
    "@types/sass": {
      "version": "1.16.0",
      "resolved": "https://registry.npmjs.org/@types/sass/-/sass-1.16.0.tgz",
      "integrity": "sha512-2XZovu4NwcqmtZtsBR5XYLw18T8cBCnU2USFHTnYLLHz9fkhnoEMoDsqShJIOFsFhn5aJHjweiUUdTrDGujegA==",
      "dev": true,
      "requires": {
        "@types/node": "*"
      }
    },
    "detect-indent": {
      "version": "6.0.0",
      "resolved": "https://registry.npmjs.org/detect-indent/-/detect-indent-6.0.0.tgz",
      "integrity": "sha512-oSyFlqaTHCItVRGK5RmrmjB+CmaMOW7IaNA/kdxqhoa6d17j/5ce9O9eWXmV/KEdRwqpQA+Vqe8a8Bsybu4YnA==",
      "dev": true
    },
    "esbuild": {
      "version": "0.9.2",
      "resolved": "https://registry.npmjs.org/esbuild/-/esbuild-0.9.2.tgz",
      "integrity": "sha512-xE3oOILjnmN8PSjkG3lT9NBbd1DbxNqolJ5qNyrLhDWsFef3yTp/KTQz1C/x7BYFKbtrr9foYtKA6KA1zuNAUQ==",
      "dev": true
    },
    "esbuild-svelte": {
      "version": "0.4.3",
      "resolved": "https://registry.npmjs.org/esbuild-svelte/-/esbuild-svelte-0.4.3.tgz",
      "integrity": "sha512-XYSdgKCPLhWFCWxDVsjg9aHydWwCdaWDSEzx8PloB7fqHG3QGhU+qU8Y5P06cEtmz5N6CiK3b1RH6irYFIerUw==",
      "dev": true,
      "requires": {
        "svelte": "^3.35.0"
      }
    },
    "min-indent": {
      "version": "1.0.1",
      "resolved": "https://registry.npmjs.org/min-indent/-/min-indent-1.0.1.tgz",
      "integrity": "sha512-I9jwMn07Sy/IwOj3zVkVik2JTvgpaykDZEigL6Rx6N9LbMywwUSMtxET+7lVoDLLd3O3IXwJwvuuns8UB/HeAg==",
      "dev": true
    },
    "prettier": {
      "version": "2.2.1",
      "resolved": "https://registry.npmjs.org/prettier/-/prettier-2.2.1.tgz",
      "integrity": "sha512-PqyhM2yCjg/oKkFPtTGUojv7gnZAoG80ttl45O6x2Ug/rMJw4wcc9k6aaf2hibP7BGVCCM33gZoGjyvt9mm16Q==",
      "dev": true
    },
    "prettier-plugin-svelte": {
      "version": "2.2.0",
      "resolved": "https://registry.npmjs.org/prettier-plugin-svelte/-/prettier-plugin-svelte-2.2.0.tgz",
      "integrity": "sha512-Xdmqgr71tAuMqqzNCK52/v94g/Yv7V7lz+nmbO9NEA+9ol15VV3uUHOfydMNOo3SWvFaVlBcp947ebEaMWqVfQ==",
      "dev": true
    },
    "strip-indent": {
      "version": "3.0.0",
      "resolved": "https://registry.npmjs.org/strip-indent/-/strip-indent-3.0.0.tgz",
      "integrity": "sha512-laJTa3Jb+VQpaC6DseHhF7dXVqHTfJPCRDaEbid/drOhgitgYku/letMUqOXFoWV0zIIUbjpdH2t+tYj4bQMRQ==",
      "dev": true,
      "requires": {
        "min-indent": "^1.0.0"
      }
    },
    "svelte": {
      "version": "3.35.0",
      "resolved": "https://registry.npmjs.org/svelte/-/svelte-3.35.0.tgz",
      "integrity": "sha512-gknlZkR2sXheu/X+B7dDImwANVvK1R0QGQLd8CNIfxxGPeXBmePnxfzb6fWwTQRsYQG7lYkZXvpXJvxvpsoB7g==",
      "dev": true
    },
    "svelte-preprocess": {
      "version": "4.6.9",
      "resolved": "https://registry.npmjs.org/svelte-preprocess/-/svelte-preprocess-4.6.9.tgz",
      "integrity": "sha512-SROWH0rB0DJ+0Ii264cprmNu/NJyZacs5wFD71ya93Cg/oA2lKHgQm4F6j0EWA4ktFMzeuJJm/eX6fka39hEHA==",
      "dev": true,
      "requires": {
        "@types/pug": "^2.0.4",
        "@types/sass": "^1.16.0",
        "detect-indent": "^6.0.0",
        "strip-indent": "^3.0.0"
      }
    },
    "typescript": {
      "version": "4.2.3",
      "resolved": "https://registry.npmjs.org/typescript/-/typescript-4.2.3.tgz",
      "integrity": "sha512-qOcYwxaByStAWrBf4x0fibwZvMRG+r4cQoTjbPtUlrWjBHbmCAww1i448U0GJ+3cNNEtebDteo/cHOR3xJ4wEw==",
      "dev": true
    }
  }
}
