{
  "name": "wap-template",
  "version": "0.0.1",
  "lockfileVersion": 2,
  "requires": true,
  "packages": {
    "": {
      "name": "wap-template",
      "version": "0.0.1",
      "license": "ISC",
      "dependencies": {
        "svelte": "^3.35.0"
      },
      "devDependencies": {
        "prettier": "^2.2.1",
        "prettier-plugin-svelte": "^2.2.0",
        "typescript": "^4.2.3"
      }
    },
    "node_modules/prettier": {
      "version": "2.2.1",
      "resolved": "https://registry.npmjs.org/prettier/-/prettier-2.2.1.tgz",
      "integrity": "sha512-PqyhM2yCjg/oKkFPtTGUojv7gnZAoG80ttl45O6x2Ug/rMJw4wcc9k6aaf2hibP7BGVCCM33gZoGjyvt9mm16Q==",
      "dev": true,
      "bin": {
        "prettier": "bin-prettier.js"
      },
      "engines": {
        "node": ">=10.13.0"
      }
    },
    "node_modules/prettier-plugin-svelte": {
      "version": "2.2.0",
      "resolved": "https://registry.npmjs.org/prettier-plugin-svelte/-/prettier-plugin-svelte-2.2.0.tgz",
      "integrity": "sha512-Xdmqgr71tAuMqqzNCK52/v94g/Yv7V7lz+nmbO9NEA+9ol15VV3uUHOfydMNOo3SWvFaVlBcp947ebEaMWqVfQ==",
      "dev": true,
      "peerDependencies": {
        "prettier": "^1.16.4 || ^2.0.0",
        "svelte": "^3.2.0"
      }
    },
    "node_modules/svelte": {
      "version": "3.35.0",
      "resolved": "https://registry.npmjs.org/svelte/-/svelte-3.35.0.tgz",
      "integrity": "sha512-gknlZkR2sXheu/X+B7dDImwANVvK1R0QGQLd8CNIfxxGPeXBmePnxfzb6fWwTQRsYQG7lYkZXvpXJvxvpsoB7g==",
      "engines": {
        "node": ">= 8"
      }
    },
    "node_modules/typescript": {
      "version": "4.2.3",
      "resolved": "https://registry.npmjs.org/typescript/-/typescript-4.2.3.tgz",
      "integrity": "sha512-qOcYwxaByStAWrBf4x0fibwZvMRG+r4cQoTjbPtUlrWjBHbmCAww1i448U0GJ+3cNNEtebDteo/cHOR3xJ4wEw==",
      "dev": true,
      "bin": {
        "tsc": "bin/tsc",
        "tsserver": "bin/tsserver"
      },
      "engines": {
        "node": ">=4.2.0"
      }
    }
  },
  "dependencies": {
    "prettier": {
      "version": "2.2.1",
      "resolved": "https://registry.npmjs.org/prettier/-/prettier-2.2.1.tgz",
      "integrity": "sha512-PqyhM2yCjg/oKkFPtTGUojv7gnZAoG80ttl45O6x2Ug/rMJw4wcc9k6aaf2hibP7BGVCCM33gZoGjyvt9mm16Q==",
      "dev": true
    },
    "prettier-plugin-svelte": {
      "version": "2.2.0",
      "resolved": "https://registry.npmjs.org/prettier-plugin-svelte/-/prettier-plugin-svelte-2.2.0.tgz",
      "integrity": "sha512-Xdmqgr71tAuMqqzNCK52/v94g/Yv7V7lz+nmbO9NEA+9ol15VV3uUHOfydMNOo3SWvFaVlBcp947ebEaMWqVfQ==",
      "dev": true,
      "requires": {}
    },
    "svelte": {
      "version": "3.35.0",
      "resolved": "https://registry.npmjs.org/svelte/-/svelte-3.35.0.tgz",
      "integrity": "sha512-gknlZkR2sXheu/X+B7dDImwANVvK1R0QGQLd8CNIfxxGPeXBmePnxfzb6fWwTQRsYQG7lYkZXvpXJvxvpsoB7g=="
    },
    "typescript": {
      "version": "4.2.3",
      "resolved": "https://registry.npmjs.org/typescript/-/typescript-4.2.3.tgz",
      "integrity": "sha512-qOcYwxaByStAWrBf4x0fibwZvMRG+r4cQoTjbPtUlrWjBHbmCAww1i448U0GJ+3cNNEtebDteo/cHOR3xJ4wEw==",
      "dev": true
    }
  }
}
